
Microsoft Visual Studio Solution File, Format Version 12.00
# Visual Studio Version 17
VisualStudioVersion = 17.14.36518.9 d17.14
MinimumVisualStudioVersion = 10.0.40219.1
Project("{8BC9CEB8-8B4A-11D0-8D11-00A0C91BC942}") = "BinarySearchTree", "BinarySearchTree\BinarySearchTree.vcxproj", "{94F19A98-AC94-48CD-8D99-C59D7102F318}"
EndProject
Global
	GlobalSection(SolutionConfigurationPlatforms) = preSolution
		Debug|x64 = Debug|x64
		Debug|x86 = Debug|x86
		Release|x64 = Release|x64
		Release|x86 = Release|x86
	EndGlobalSection
	GlobalSection(ProjectConfigurationPlatforms) = postSolution
		{94F19A98-AC94-48CD-8D99-C59D7102F318}.Debug|x64.ActiveCfg = Debug|x64
		{94F19A98-AC94-48CD-8D99-C59D7102F318}.Debug|x64.Build.0 = Debug|x64
		{94F19A98-AC94-48CD-8D99-C59D7102F318}.Debug|x86.ActiveCfg = Debug|Win32
		{94F19A98-AC94-48CD-8D99-C59D7102F318}.Debug|x86.Build.0 = Debug|Win32
		{94F19A98-AC94-48CD-8D99-C59D7102F318}.Release|x64.ActiveCfg = Release|x64
		{94F19A98-AC94-48CD-8D99-C59D7102F318}.Release|x64.Build.0 = Release|x64
		{94F19A98-AC94-48CD-8D99-C59D7102F318}.Release|x86.ActiveCfg = Release|Win32
		{94F19A98-AC94-48CD-8D99-C59D7102F318}.Release|x86.Build.0 = Release|Win32
	EndGlobalSection
	GlobalSection(SolutionProperties) = preSolution
		HideSolutionNode = FALSE
	EndGlobalSection
	GlobalSection(ExtensibilityGlobals) = postSolution
		SolutionGuid = {12B0246D-0080-4997-B0AD-2B95984081A4}
	EndGlobalSection
EndGlobal
